// !$*UTF8*$!
{
	archiveVersion = 1;
	classes = {
	};
	objectVersion = 46;
	objects = {

/* Begin PBXBuildFile section */
		8BC23CB61B8BEAAC00AE1DD0 /* AppDelegate.swift in Sources */ = {isa = PBXBuildFile; fileRef = 8BC23CB51B8BEAAC00AE1DD0 /* AppDelegate.swift */; };
		8BC23CB81B8BEAAC00AE1DD0 /* ViewController.swift in Sources */ = {isa = PBXBuildFile; fileRef = 8BC23CB71B8BEAAC00AE1DD0 /* ViewController.swift */; };
		8BC23CBB1B8BEAAC00AE1DD0 /* Main.storyboard in Resources */ = {isa = PBXBuildFile; fileRef = 8BC23CB91B8BEAAC00AE1DD0 /* Main.storyboard */; };
		8BC23CBD1B8BEAAC00AE1DD0 /* Images.xcassets in Resources */ = {isa = PBXBuildFile; fileRef = 8BC23CBC1B8BEAAC00AE1DD0 /* Images.xcassets */; };
		8BC23CC01B8BEAAC00AE1DD0 /* LaunchScreen.xib in Resources */ = {isa = PBXBuildFile; fileRef = 8BC23CBE1B8BEAAC00AE1DD0 /* LaunchScreen.xib */; };
		8BC23CCC1B8BEAAC00AE1DD0 /* tipcalcTests.swift in Sources */ = {isa = PBXBuildFile; fileRef = 8BC23CCB1B8BEAAC00AE1DD0 /* tipcalcTests.swift */; };
		8BC23CD61B8BFBF300AE1DD0 /* README.md in Sources */ = {isa = PBXBuildFile; fileRef = 8BC23CD51B8BFBF300AE1DD0 /* README.md */; };
/* End PBXBuildFile section */

/* Begin PBXContainerItemProxy section */
		8BC23CC61B8BEAAC00AE1DD0 /* PBXContainerItemProxy */ = {
			isa = PBXContainerItemProxy;
			containerPortal = 8BC23CA81B8BEAAB00AE1DD0 /* Project object */;
			proxyType = 1;
			remoteGlobalIDString = 8BC23CAF1B8BEAAC00AE1DD0;
			remoteInfo = tipcalc;
		};
/* End PBXContainerItemProxy section */

/* Begin PBXFileReference section */
		8BC23CB01B8BEAAC00AE1DD0 /* tipcalc.app */ = {isa = PBXFileReference; explicitFileType = wrapper.application; includeInIndex = 0; path = tipcalc.app; sourceTree = BUILT_PRODUCTS_DIR; };
		8BC23CB41B8BEAAC00AE1DD0 /* Info.plist */ = {isa = PBXFileReference; lastKnownFileType = text.plist.xml; path = Info.plist; sourceTree = "<group>"; };
		8BC23CB51B8BEAAC00AE1DD0 /* AppDelegate.swift */ = {isa = PBXFileReference; lastKnownFileType = sourcecode.swift; path = AppDelegate.swift; sourceTree = "<group>"; };
		8BC23CB71B8BEAAC00AE1DD0 /* ViewController.swift */ = {isa = PBXFileReference; lastKnownFileType = sourcecode.swift; path = ViewController.swift; sourceTree = "<group>"; };
		8BC23CBA1B8BEAAC00AE1DD0 /* Base */ = {isa = PBXFileReference; lastKnownFileType = file.storyboard; name = Base; path = Base.lproj/Main.storyboard; sourceTree = "<group>"; };
		8BC23CBC1B8BEAAC00AE1DD0 /* Images.xcassets */ = {isa = PBXFileReference; lastKnownFileType = folder.assetcatalog; path = Images.xcassets; sourceTree = "<group>"; };
		8BC23CBF1B8BEAAC00AE1DD0 /* Base */ = {isa = PBXFileReference; lastKnownFileType = file.xib; name = Base; path = Base.lproj/LaunchScreen.xib; sourceTree = "<group>"; };
		8BC23CC51B8BEAAC00AE1DD0 /* tipcalcTests.xctest */ = {isa = PBXFileReference; explicitFileType = wrapper.cfbundle; includeInIndex = 0; path = tipcalcTests.xctest; sourceTree = BUILT_PRODUCTS_DIR; };
		8BC23CCA1B8BEAAC00AE1DD0 /* Info.plist */ = {isa = PBXFileReference; lastKnownFileType = text.plist.xml; path = Info.plist; sourceTree = "<group>"; };
		8BC23CCB1B8BEAAC00AE1DD0 /* tipcalcTests.swift */ = {isa = PBXFileReference; lastKnownFileType = sourcecode.swift; path = tipcalcTests.swift; sourceTree = "<group>"; };
		8BC23CD51B8BFBF300AE1DD0 /* README.md */ = {isa = PBXFileReference; fileEncoding = 4; lastKnownFileType = net.daringfireball.markdown; name = README.md; path = ../../../Downloads/README.md; sourceTree = "<group>"; };
/* End PBXFileReference section */

/* Begin PBXFrameworksBuildPhase section */
		8BC23CAD1B8BEAAC00AE1DD0 /* Frameworks */ = {
			isa = PBXFrameworksBuildPhase;
			buildActionMask = 2147483647;
			files = (
			);
			runOnlyForDeploymentPostprocessing = 0;
		};
		8BC23CC21B8BEAAC00AE1DD0 /* Frameworks */ = {
			isa = PBXFrameworksBuildPhase;
			buildActionMask = 2147483647;
			files = (
			);
			runOnlyForDeploymentPostprocessing = 0;
		};
/* End PBXFrameworksBuildPhase section */

/* Begin PBXGroup section */
		8BC23CA71B8BEAAB00AE1DD0 = {
			isa = PBXGroup;
			children = (
				8BC23CB21B8BEAAC00AE1DD0 /* tipcalc */,
				8BC23CC81B8BEAAC00AE1DD0 /* tipcalcTests */,
				8BC23CB11B8BEAAC00AE1DD0 /* Products */,
			);
			sourceTree = "<group>";
		};
		8BC23CB11B8BEAAC00AE1DD0 /* Products */ = {
			isa = PBXGroup;
			children = (
				8BC23CB01B8BEAAC00AE1DD0 /* tipcalc.app */,
				8BC23CC51B8BEAAC00AE1DD0 /* tipcalcTests.xctest */,
			);
			name = Products;
			sourceTree = "<group>";
		};
		8BC23CB21B8BEAAC00AE1DD0 /* tipcalc */ = {
			isa = PBXGroup;
			children = (
				8BC23CB51B8BEAAC00AE1DD0 /* AppDelegate.swift */,
				8BC23CB71B8BEAAC00AE1DD0 /* ViewController.swift */,
				8BC23CB91B8BEAAC00AE1DD0 /* Main.storyboard */,
				8BC23CD51B8BFBF300AE1DD0 /* README.md */,
				8BC23CBC1B8BEAAC00AE1DD0 /* Images.xcassets */,
				8BC23CBE1B8BEAAC00AE1DD0 /* LaunchScreen.xib */,
				8BC23CB31B8BEAAC00AE1DD0 /* Supporting Files */,
			);
			path = tipcalc;
			sourceTree = "<group>";
		};
		8BC23CB31B8BEAAC00AE1DD0 /* Supporting Files */ = {
			isa = PBXGroup;
			children = (
				8BC23CB41B8BEAAC00AE1DD0 /* Info.plist */,
			);
			name = "Supporting Files";
			sourceTree = "<group>";
		};
		8BC23CC81B8BEAAC00AE1DD0 /* tipcalcTests */ = {
			isa = PBXGroup;
			children = (
				8BC23CCB1B8BEAAC00AE1DD0 /* tipcalcTests.swift */,
				8BC23CC91B8BEAAC00AE1DD0 /* Supporting Files */,
			);
			path = tipcalcTests;
			sourceTree = "<group>";
		};
		8BC23CC91B8BEAAC00AE1DD0 /* Supporting Files */ = {
			isa = PBXGroup;
			children = (
				8BC23CCA1B8BEAAC00AE1DD0 /* Info.plist */,
			);
			name = "Supporting Files";
			sourceTree = "<group>";
		};
/* End PBXGroup section */

/* Begin PBXNativeTarget section */
		8BC23CAF1B8BEAAC00AE1DD0 /* tipcalc */ = {
			isa = PBXNativeTarget;
			buildConfigurationList = 8BC23CCF1B8BEAAC00AE1DD0 /* Build configuration list for PBXNativeTarget "tipcalc" */;
			buildPhases = (
				8BC23CAC1B8BEAAC00AE1DD0 /* Sources */,
				8BC23CAD1B8BEAAC00AE1DD0 /* Frameworks */,
				8BC23CAE1B8BEAAC00AE1DD0 /* Resources */,
			);
			buildRules = (
			);
			dependencies = (
			);
			name = tipcalc;
			productName = tipcalc;
			productReference = 8BC23CB01B8BEAAC00AE1DD0 /* tipcalc.app */;
			productType = "com.apple.product-type.application";
		};
		8BC23CC41B8BEAAC00AE1DD0 /* tipcalcTests */ = {
			isa = PBXNativeTarget;
			buildConfigurationList = 8BC23CD21B8BEAAC00AE1DD0 /* Build configuration list for PBXNativeTarget "tipcalcTests" */;
			buildPhases = (
				8BC23CC11B8BEAAC00AE1DD0 /* Sources */,
				8BC23CC21B8BEAAC00AE1DD0 /* Frameworks */,
				8BC23CC31B8BEAAC00AE1DD0 /* Resources */,
			);
			buildRules = (
			);
			dependencies = (
				8BC23CC71B8BEAAC00AE1DD0 /* PBXTargetDependency */,
			);
			name = tipcalcTests;
			productName = tipcalcTests;
			productReference = 8BC23CC51B8BEAAC00AE1DD0 /* tipcalcTests.xctest */;
			productType = "com.apple.product-type.bundle.unit-test";
		};
/* End PBXNativeTarget section */

/* Begin PBXProject section */
		8BC23CA81B8BEAAB00AE1DD0 /* Project object */ = {
			isa = PBXProject;
			attributes = {
				LastUpgradeCheck = 0640;
				ORGANIZATIONNAME = Tumblr;
				TargetAttributes = {
					8BC23CAF1B8BEAAC00AE1DD0 = {
						CreatedOnToolsVersion = 6.4;
					};
					8BC23CC41B8BEAAC00AE1DD0 = {
						CreatedOnToolsVersion = 6.4;
						TestTargetID = 8BC23CAF1B8BEAAC00AE1DD0;
					};
				};
			};
			buildConfigurationList = 8BC23CAB1B8BEAAB00AE1DD0 /* Build configuration list for PBXProject "tipcalc" */;
			compatibilityVersion = "Xcode 3.2";
			developmentRegion = English;
			hasScannedForEncodings = 0;
			knownRegions = (
				en,
				Base,
			);
			mainGroup = 8BC23CA71B8BEAAB00AE1DD0;
			productRefGroup = 8BC23CB11B8BEAAC00AE1DD0 /* Products */;
			projectDirPath = "";
			projectRoot = "";
			targets = (
				8BC23CAF1B8BEAAC00AE1DD0 /* tipcalc */,
				8BC23CC41B8BEAAC00AE1DD0 /* tipcalcTests */,
			);
		};
/* End PBXProject section */

/* Begin PBXResourcesBuildPhase section */
		8BC23CAE1B8BEAAC00AE1DD0 /* Resources */ = {
			isa = PBXResourcesBuildPhase;
			buildActionMask = 2147483647;
			files = (
				8BC23CBB1B8BEAAC00AE1DD0 /* Main.storyboard in Resources */,
				8BC23CC01B8BEAAC00AE1DD0 /* LaunchScreen.xib in Resources */,
				8BC23CBD1B8BEAAC00AE1DD0 /* Images.xcassets in Resources */,
			);
			runOnlyForDeploymentPostprocessing = 0;
		};
		8BC23CC31B8BEAAC00AE1DD0 /* Resources */ = {
			isa = PBXResourcesBuildPhase;
			buildActionMask = 2147483647;
			files = (
			);
			runOnlyForDeploymentPostprocessing = 0;
		};
/* End PBXResourcesBuildPhase section */

/* Begin PBXSourcesBuildPhase section */
		8BC23CAC1B8BEAAC00AE1DD0 /* Sources */ = {
			isa = PBXSourcesBuildPhase;
			buildActionMask = 2147483647;
			files = (
				8BC23CD61B8BFBF300AE1DD0 /* README.md in Sources */,
				8BC23CB81B8BEAAC00AE1DD0 /* ViewController.swift in Sources */,
				8BC23CB61B8BEAAC00AE1DD0 /* AppDelegate.swift in Sources */,
			);
			runOnlyForDeploymentPostprocessing = 0;
		};
		8BC23CC11B8BEAAC00AE1DD0 /* Sources */ = {
			isa = PBXSourcesBuildPhase;
			buildActionMask = 2147483647;
			files = (
				8BC23CCC1B8BEAAC00AE1DD0 /* tipcalcTests.swift in Sources */,
			);
			runOnlyForDeploymentPostprocessing = 0;
		};
/* End PBXSourcesBuildPhase section */

/* Begin PBXTargetDependency section */
		8BC23CC71B8BEAAC00AE1DD0 /* PBXTargetDependency */ = {
			isa = PBXTargetDependency;
			target = 8BC23CAF1B8BEAAC00AE1DD0 /* tipcalc */;
			targetProxy = 8BC23CC61B8BEAAC00AE1DD0 /* PBXContainerItemProxy */;
		};
/* End PBXTargetDependency section */

/* Begin PBXVariantGroup section */
		8BC23CB91B8BEAAC00AE1DD0 /* Main.storyboard */ = {
			isa = PBXVariantGroup;
			children = (
				8BC23CBA1B8BEAAC00AE1DD0 /* Base */,
			);
			name = Main.storyboard;
			sourceTree = "<group>";
		};
		8BC23CBE1B8BEAAC00AE1DD0 /* LaunchScreen.xib */ = {
			isa = PBXVariantGroup;
			children = (
				8BC23CBF1B8BEAAC00AE1DD0 /* Base */,
			);
			name = LaunchScreen.xib;
			sourceTree = "<group>";
		};
/* End PBXVariantGroup section */

/* Begin XCBuildConfiguration section */
		8BC23CCD1B8BEAAC00AE1DD0 /* Debug */ = {
			isa = XCBuildConfiguration;
			buildSettings = {
				ALWAYS_SEARCH_USER_PATHS = NO;
				CLANG_CXX_LANGUAGE_STANDARD = "gnu++0x";
				CLANG_CXX_LIBRARY = "libc++";
				CLANG_ENABLE_MODULES = YES;
				CLANG_ENABLE_OBJC_ARC = YES;
				CLANG_WARN_BOOL_CONVERSION = YES;
				CLANG_WARN_CONSTANT_CONVERSION = YES;
				CLANG_WARN_DIRECT_OBJC_ISA_USAGE = YES_ERROR;
				CLANG_WARN_EMPTY_BODY = YES;
				CLANG_WARN_ENUM_CONVERSION = YES;
				CLANG_WARN_INT_CONVERSION = YES;
				CLANG_WARN_OBJC_ROOT_CLASS = YES_ERROR;
				CLANG_WARN_UNREACHABLE_CODE = YES;
				CLANG_WARN__DUPLICATE_METHOD_MATCH = YES;
				"CODE_SIGN_IDENTITY[sdk=iphoneos*]" = "iPhone Developer";
				COPY_PHASE_STRIP = NO;
				DEBUG_INFORMATION_FORMAT = "dwarf-with-dsym";
				ENABLE_STRICT_OBJC_MSGSEND = YES;
				GCC_C_LANGUAGE_STANDARD = gnu99;
				GCC_DYNAMIC_NO_PIC = NO;
				GCC_NO_COMMON_BLOCKS = YES;
				GCC_OPTIMIZATION_LEVEL = 0;
				GCC_PREPROCESSOR_DEFINITIONS = (
					"DEBUG=1",
					"$(inherited)",
				);
				GCC_SYMBOLS_PRIVATE_EXTERN = NO;
				GCC_WARN_64_TO_32_BIT_CONVERSION = YES;
				GCC_WARN_ABOUT_RETURN_TYPE = YES_ERROR;
				GCC_WARN_UNDECLARED_SELECTOR = YES;
				GCC_WARN_UNINITIALIZED_AUTOS = YES_AGGRESSIVE;
				GCC_WARN_UNUSED_FUNCTION = YES;
				GCC_WARN_UNUSED_VARIABLE = YES;
				IPHONEOS_DEPLOYMENT_TARGET = 8.4;
				MTL_ENABLE_DEBUG_INFO = YES;
				ONLY_ACTIVE_ARCH = YES;
				SDKROOT = iphoneos;
				SWIFT_OPTIMIZATION_LEVEL = "-Onone";
			};
			name = Debug;
		};
		8BC23CCE1B8BEAAC00AE1DD0 /* Release */ = {
			isa = XCBuildConfiguration;
			buildSettings = {
				ALWAYS_SEARCH_USER_PATHS = NO;
				CLANG_CXX_LANGUAGE_STANDARD = "gnu++0x";
				CLANG_CXX_LIBRARY = "libc++";
				CLANG_ENABLE_MODULES = YES;
				CLANG_ENABLE_OBJC_ARC = YES;
				CLANG_WARN_BOOL_CONVERSION = YES;
				CLANG_WARN_CONSTANT_CONVERSION = YES;
				CLANG_WARN_DIRECT_OBJC_ISA_USAGE = YES_ERROR;
				CLANG_WARN_EMPTY_BODY = YES;
				CLANG_WARN_ENUM_CONVERSION = YES;
				CLANG_WARN_INT_CONVERSION = YES;
				CLANG_WARN_OBJC_ROOT_CLASS = YES_ERROR;
				CLANG_WARN_UNREACHABLE_CODE = YES;
				CLANG_WARN__DUPLICATE_METHOD_MATCH = YES;
				"CODE_SIGN_IDENTITY[sdk=iphoneos*]" = "iPhone Developer";
				COPY_PHASE_STRIP = NO;
				DEBUG_INFORMATION_FORMAT = "dwarf-with-dsym";
				ENABLE_NS_ASSERTIONS = NO;
				ENABLE_STRICT_OBJC_MSGSEND = YES;
				GCC_C_LANGUAGE_STANDARD = gnu99;
				GCC_NO_COMMON_BLOCKS = YES;
				GCC_WARN_64_TO_32_BIT_CONVERSION = YES;
				GCC_WARN_ABOUT_RETURN_TYPE = YES_ERROR;
				GCC_WARN_UNDECLARED_SELECTOR = YES;
				GCC_WARN_UNINITIALIZED_AUTOS = YES_AGGRESSIVE;
				GCC_WARN_UNUSED_FUNCTION = YES;
				GCC_WARN_UNUSED_VARIABLE = YES;
				IPHONEOS_DEPLOYMENT_TARGET = 8.4;
				MTL_ENABLE_DEBUG_INFO = NO;
				SDKROOT = iphoneos;
				VALIDATE_PRODUCT = YES;
			};
			name = Release;
		};
		8BC23CD01B8BEAAC00AE1DD0 /* Debug */ = {
			isa = XCBuildConfiguration;
			buildSettings = {
				ASSETCATALOG_COMPILER_APPICON_NAME = AppIcon;
				INFOPLIST_FILE = tipcalc/Info.plist;
				IPHONEOS_DEPLOYMENT_TARGET = 7.0;
				LD_RUNPATH_SEARCH_PATHS = "$(inherited) @executable_path/Frameworks";
				PRODUCT_NAME = "$(TARGET_NAME)";
			};
			name = Debug;
		};
		8BC23CD11B8BEAAC00AE1DD0 /* Release */ = {
			isa = XCBuildConfiguration;
			buildSettings = {
				ASSETCATALOG_COMPILER_APPICON_NAME = AppIcon;
				INFOPLIST_FILE = tipcalc/Info.plist;
				IPHONEOS_DEPLOYMENT_TARGET = 7.0;
				LD_RUNPATH_SEARCH_PATHS = "$(inherited) @executable_path/Frameworks";
				PRODUCT_NAME = "$(TARGET_NAME)";
			};
			name = Release;
		};
		8BC23CD31B8BEAAC00AE1DD0 /* Debug */ = {
			isa = XCBuildConfiguration;
			buildSettings = {
				BUNDLE_LOADER = "$(TEST_HOST)";
				FRAMEWORK_SEARCH_PATHS = (
					"$(SDKROOT)/Developer/Library/Frameworks",
					"$(inherited)",
				);
				GCC_PREPROCESSOR_DEFINITIONS = (
					"DEBUG=1",
					"$(inherited)",
				);
				INFOPLIST_FILE = tipcalcTests/Info.plist;
				LD_RUNPATH_SEARCH_PATHS = "$(inherited) @executable_path/Frameworks @loader_path/Frameworks";
				PRODUCT_NAME = "$(TARGET_NAME)";
				TEST_HOST = "$(BUILT_PRODUCTS_DIR)/tipcalc.app/tipcalc";
			};
			name = Debug;
		};
		8BC23CD41B8BEAAC00AE1DD0 /* Release */ = {
			isa = XCBuildConfiguration;
			buildSettings = {
				BUNDLE_LOADER = "$(TEST_HOST)";
				FRAMEWORK_SEARCH_PATHS = (
					"$(SDKROOT)/Developer/Library/Frameworks",
					"$(inherited)",
				);
				INFOPLIST_FILE = tipcalcTests/Info.plist;
				LD_RUNPATH_SEARCH_PATHS = "$(inherited) @executable_path/Frameworks @loader_path/Frameworks";
				PRODUCT_NAME = "$(TARGET_NAME)";
				TEST_HOST = "$(BUILT_PRODUCTS_DIR)/tipcalc.app/tipcalc";
			};
			name = Release;
		};
/* End XCBuildConfiguration section */

/* Begin XCConfigurationList section */
		8BC23CAB1B8BEAAB00AE1DD0 /* Build configuration list for PBXProject "tipcalc" */ = {
			isa = XCConfigurationList;
			buildConfigurations = (
				8BC23CCD1B8BEAAC00AE1DD0 /* Debug */,
				8BC23CCE1B8BEAAC00AE1DD0 /* Release */,
			);
			defaultConfigurationIsVisible = 0;
			defaultConfigurationName = Release;
		};
		8BC23CCF1B8BEAAC00AE1DD0 /* Build configuration list for PBXNativeTarget "tipcalc" */ = {
			isa = XCConfigurationList;
			buildConfigurations = (
				8BC23CD01B8BEAAC00AE1DD0 /* Debug */,
				8BC23CD11B8BEAAC00AE1DD0 /* Release */,
			);
			defaultConfigurationIsVisible = 0;
		};
		8BC23CD21B8BEAAC00AE1DD0 /* Build configuration list for PBXNativeTarget "tipcalcTests" */ = {
			isa = XCConfigurationList;
			buildConfigurations = (
				8BC23CD31B8BEAAC00AE1DD0 /* Debug */,
				8BC23CD41B8BEAAC00AE1DD0 /* Release */,
			);
			defaultConfigurationIsVisible = 0;
		};
/* End XCConfigurationList section */
	};
	rootObject = 8BC23CA81B8BEAAB00AE1DD0 /* Project object */;
}
